
Microsoft Visual Studio Solution File, Format Version 12.00
# Visual Studio 15
VisualStudioVersion = 15.0.28307.757
MinimumVisualStudioVersion = 10.0.40219.1
Project("{9A19103F-16F7-4668-BE54-9A1E7A4F7556}") = "Fotoplastykon.DAL", "Fotoplastykon.DAL\Fotoplastykon.DAL.csproj", "{C4473E96-6843-409E-B8DF-1AA878BA2F42}"
EndProject
Project("{9A19103F-16F7-4668-BE54-9A1E7A4F7556}") = "Fotoplastykon.BLL", "Fotoplstykon.LL\Fotoplastykon.BLL.csproj", "{BE0626AA-3F4D-4C6E-A1B1-90ADBC30CDD4}"
EndProject
Project("{9A19103F-16F7-4668-BE54-9A1E7A4F7556}") = "Fotoplastykon.API", "Fotoplastykon.API\Fotoplastykon.API.csproj", "{606EC67D-3D14-4EDD-88A6-46E2EAE49BA0}"
EndProject
Project("{FAE04EC0-301F-11D3-BF4B-00C04F79EFBC}") = "Fotoplastykon.Tools", "Fotoplastykon.Tools\Fotoplastykon.Tools.csproj", "{3AB17A48-921C-4506-BD60-4F56B6CE999B}"
EndProject
Global
	GlobalSection(SolutionConfigurationPlatforms) = preSolution
		Debug|Any CPU = Debug|Any CPU
		Release|Any CPU = Release|Any CPU
	EndGlobalSection
	GlobalSection(ProjectConfigurationPlatforms) = postSolution
		{C4473E96-6843-409E-B8DF-1AA878BA2F42}.Debug|Any CPU.ActiveCfg = Debug|Any CPU
		{C4473E96-6843-409E-B8DF-1AA878BA2F42}.Debug|Any CPU.Build.0 = Debug|Any CPU
		{C4473E96-6843-409E-B8DF-1AA878BA2F42}.Release|Any CPU.ActiveCfg = Release|Any CPU
		{C4473E96-6843-409E-B8DF-1AA878BA2F42}.Release|Any CPU.Build.0 = Release|Any CPU
		{BE0626AA-3F4D-4C6E-A1B1-90ADBC30CDD4}.Debug|Any CPU.ActiveCfg = Debug|Any CPU
		{BE0626AA-3F4D-4C6E-A1B1-90ADBC30CDD4}.Debug|Any CPU.Build.0 = Debug|Any CPU
		{BE0626AA-3F4D-4C6E-A1B1-90ADBC30CDD4}.Release|Any CPU.ActiveCfg = Release|Any CPU
		{BE0626AA-3F4D-4C6E-A1B1-90ADBC30CDD4}.Release|Any CPU.Build.0 = Release|Any CPU
		{606EC67D-3D14-4EDD-88A6-46E2EAE49BA0}.Debug|Any CPU.ActiveCfg = Debug|Any CPU
		{606EC67D-3D14-4EDD-88A6-46E2EAE49BA0}.Debug|Any CPU.Build.0 = Debug|Any CPU
		{606EC67D-3D14-4EDD-88A6-46E2EAE49BA0}.Release|Any CPU.ActiveCfg = Release|Any CPU
		{606EC67D-3D14-4EDD-88A6-46E2EAE49BA0}.Release|Any CPU.Build.0 = Release|Any CPU
		{3AB17A48-921C-4506-BD60-4F56B6CE999B}.Debug|Any CPU.ActiveCfg = Debug|Any CPU
		{3AB17A48-921C-4506-BD60-4F56B6CE999B}.Debug|Any CPU.Build.0 = Debug|Any CPU
		{3AB17A48-921C-4506-BD60-4F56B6CE999B}.Release|Any CPU.ActiveCfg = Release|Any CPU
		{3AB17A48-921C-4506-BD60-4F56B6CE999B}.Release|Any CPU.Build.0 = Release|Any CPU
	EndGlobalSection
	GlobalSection(SolutionProperties) = preSolution
		HideSolutionNode = FALSE
	EndGlobalSection
	GlobalSection(ExtensibilityGlobals) = postSolution
		SolutionGuid = {CD1425BA-A59B-44A9-8FF8-6B180416E35F}
	EndGlobalSection
EndGlobal
